
Microsoft Visual Studio Solution File, Format Version 12.00
# Visual Studio 14
VisualStudioVersion = 14.0.23107.0
MinimumVisualStudioVersion = 10.0.40219.1
Project("{D954291E-2A0B-460D-934E-DC6B0785DB48}") = "SQLI_Auto", "SQLI_Auto\SQLI_Auto\SQLI_Auto.shproj", "{1F36AA7F-D7EE-47CB-B973-574BC8760E74}"
EndProject
Project("{FAE04EC0-301F-11D3-BF4B-00C04F79EFBC}") = "SQLI_Auto.WinPhone", "SQLI_Auto\SQLI_Auto.WinPhone\SQLI_Auto.WinPhone.csproj", "{EC76F241-4026-4E45-B2E6-083828478EC3}"
EndProject
Project("{FAE04EC0-301F-11D3-BF4B-00C04F79EFBC}") = "SQLI_Auto.iOS", "SQLI_Auto\SQLI_Auto.iOS\SQLI_Auto.iOS.csproj", "{EAC89422-2FC2-4DAF-947F-428D3D738821}"
EndProject
Project("{FAE04EC0-301F-11D3-BF4B-00C04F79EFBC}") = "SQLI_Auto.Droid", "SQLI_Auto\SQLI_Auto.Droid\SQLI_Auto.Droid.csproj", "{A48F6B7E-49E0-4E15-9BFC-B925472AE42B}"
EndProject
Global
	GlobalSection(SharedMSBuildProjectFiles) = preSolution
		SQLI_Auto\SQLI_Auto\SQLI_Auto.projitems*{eac89422-2fc2-4daf-947f-428d3d738821}*SharedItemsImports = 4
		SQLI_Auto\SQLI_Auto\SQLI_Auto.projitems*{1f36aa7f-d7ee-47cb-b973-574bc8760e74}*SharedItemsImports = 13
		SQLI_Auto\SQLI_Auto\SQLI_Auto.projitems*{ec76f241-4026-4e45-b2e6-083828478ec3}*SharedItemsImports = 4
		SQLI_Auto\SQLI_Auto\SQLI_Auto.projitems*{a48f6b7e-49e0-4e15-9bfc-b925472ae42b}*SharedItemsImports = 4
	EndGlobalSection
	GlobalSection(SolutionConfigurationPlatforms) = preSolution
		Ad-Hoc|Any CPU = Ad-Hoc|Any CPU
		Ad-Hoc|ARM = Ad-Hoc|ARM
		Ad-Hoc|iPhone = Ad-Hoc|iPhone
		Ad-Hoc|iPhoneSimulator = Ad-Hoc|iPhoneSimulator
		Ad-Hoc|x86 = Ad-Hoc|x86
		AppStore|Any CPU = AppStore|Any CPU
		AppStore|ARM = AppStore|ARM
		AppStore|iPhone = AppStore|iPhone
		AppStore|iPhoneSimulator = AppStore|iPhoneSimulator
		AppStore|x86 = AppStore|x86
		Debug|Any CPU = Debug|Any CPU
		Debug|ARM = Debug|ARM
		Debug|iPhone = Debug|iPhone
		Debug|iPhoneSimulator = Debug|iPhoneSimulator
		Debug|x86 = Debug|x86
		Release|Any CPU = Release|Any CPU
		Release|ARM = Release|ARM
		Release|iPhone = Release|iPhone
		Release|iPhoneSimulator = Release|iPhoneSimulator
		Release|x86 = Release|x86
	EndGlobalSection
	GlobalSection(ProjectConfigurationPlatforms) = postSolution
		{EC76F241-4026-4E45-B2E6-083828478EC3}.Ad-Hoc|Any CPU.ActiveCfg = Release|Any CPU
		{EC76F241-4026-4E45-B2E6-083828478EC3}.Ad-Hoc|Any CPU.Build.0 = Release|Any CPU
		{EC76F241-4026-4E45-B2E6-083828478EC3}.Ad-Hoc|Any CPU.Deploy.0 = Release|Any CPU
		{EC76F241-4026-4E45-B2E6-083828478EC3}.Ad-Hoc|ARM.ActiveCfg = Release|ARM
		{EC76F241-4026-4E45-B2E6-083828478EC3}.Ad-Hoc|ARM.Build.0 = Release|ARM
		{EC76F241-4026-4E45-B2E6-083828478EC3}.Ad-Hoc|ARM.Deploy.0 = Release|ARM
		{EC76F241-4026-4E45-B2E6-083828478EC3}.Ad-Hoc|iPhone.ActiveCfg = Release|Any CPU
		{EC76F241-4026-4E45-B2E6-083828478EC3}.Ad-Hoc|iPhone.Build.0 = Release|Any CPU
		{EC76F241-4026-4E45-B2E6-083828478EC3}.Ad-Hoc|iPhone.Deploy.0 = Release|Any CPU
		{EC76F241-4026-4E45-B2E6-083828478EC3}.Ad-Hoc|iPhoneSimulator.ActiveCfg = Release|Any CPU
		{EC76F241-4026-4E45-B2E6-083828478EC3}.Ad-Hoc|iPhoneSimulator.Build.0 = Release|Any CPU
		{EC76F241-4026-4E45-B2E6-083828478EC3}.Ad-Hoc|iPhoneSimulator.Deploy.0 = Release|Any CPU
		{EC76F241-4026-4E45-B2E6-083828478EC3}.Ad-Hoc|x86.ActiveCfg = Release|x86
		{EC76F241-4026-4E45-B2E6-083828478EC3}.Ad-Hoc|x86.Build.0 = Release|x86
		{EC76F241-4026-4E45-B2E6-083828478EC3}.Ad-Hoc|x86.Deploy.0 = Release|x86
		{EC76F241-4026-4E45-B2E6-083828478EC3}.AppStore|Any CPU.ActiveCfg = Release|Any CPU
		{EC76F241-4026-4E45-B2E6-083828478EC3}.AppStore|Any CPU.Build.0 = Release|Any CPU
		{EC76F241-4026-4E45-B2E6-083828478EC3}.AppStore|Any CPU.Deploy.0 = Release|Any CPU
		{EC76F241-4026-4E45-B2E6-083828478EC3}.AppStore|ARM.ActiveCfg = Release|ARM
		{EC76F241-4026-4E45-B2E6-083828478EC3}.AppStore|ARM.Build.0 = Release|ARM
		{EC76F241-4026-4E45-B2E6-083828478EC3}.AppStore|ARM.Deploy.0 = Release|ARM
		{EC76F241-4026-4E45-B2E6-083828478EC3}.AppStore|iPhone.ActiveCfg = Release|Any CPU
		{EC76F241-4026-4E45-B2E6-083828478EC3}.AppStore|iPhone.Build.0 = Release|Any CPU
		{EC76F241-4026-4E45-B2E6-083828478EC3}.AppStore|iPhone.Deploy.0 = Release|Any CPU
		{EC76F241-4026-4E45-B2E6-083828478EC3}.AppStore|iPhoneSimulator.ActiveCfg = Release|Any CPU
		{EC76F241-4026-4E45-B2E6-083828478EC3}.AppStore|iPhoneSimulator.Build.0 = Release|Any CPU
		{EC76F241-4026-4E45-B2E6-083828478EC3}.AppStore|iPhoneSimulator.Deploy.0 = Release|Any CPU
		{EC76F241-4026-4E45-B2E6-083828478EC3}.AppStore|x86.ActiveCfg = Release|x86
		{EC76F241-4026-4E45-B2E6-083828478EC3}.AppStore|x86.Build.0 = Release|x86
		{EC76F241-4026-4E45-B2E6-083828478EC3}.AppStore|x86.Deploy.0 = Release|x86
		{EC76F241-4026-4E45-B2E6-083828478EC3}.Debug|Any CPU.ActiveCfg = Debug|Any CPU
		{EC76F241-4026-4E45-B2E6-083828478EC3}.Debug|Any CPU.Build.0 = Debug|Any CPU
		{EC76F241-4026-4E45-B2E6-083828478EC3}.Debug|Any CPU.Deploy.0 = Debug|Any CPU
		{EC76F241-4026-4E45-B2E6-083828478EC3}.Debug|ARM.ActiveCfg = Debug|ARM
		{EC76F241-4026-4E45-B2E6-083828478EC3}.Debug|ARM.Build.0 = Debug|ARM
		{EC76F241-4026-4E45-B2E6-083828478EC3}.Debug|ARM.Deploy.0 = Debug|ARM
		{EC76F241-4026-4E45-B2E6-083828478EC3}.Debug|iPhone.ActiveCfg = Debug|Any CPU
		{EC76F241-4026-4E45-B2E6-083828478EC3}.Debug|iPhone.Build.0 = Debug|Any CPU
		{EC76F241-4026-4E45-B2E6-083828478EC3}.Debug|iPhone.Deploy.0 = Debug|Any CPU
		{EC76F241-4026-4E45-B2E6-083828478EC3}.Debug|iPhoneSimulator.ActiveCfg = Debug|Any CPU
		{EC76F241-4026-4E45-B2E6-083828478EC3}.Debug|iPhoneSimulator.Build.0 = Debug|Any CPU
		{EC76F241-4026-4E45-B2E6-083828478EC3}.Debug|iPhoneSimulator.Deploy.0 = Debug|Any CPU
		{EC76F241-4026-4E45-B2E6-083828478EC3}.Debug|x86.ActiveCfg = Debug|x86
		{EC76F241-4026-4E45-B2E6-083828478EC3}.Debug|x86.Build.0 = Debug|x86
		{EC76F241-4026-4E45-B2E6-083828478EC3}.Debug|x86.Deploy.0 = Debug|x86
		{EC76F241-4026-4E45-B2E6-083828478EC3}.Release|Any CPU.ActiveCfg = Release|Any CPU
		{EC76F241-4026-4E45-B2E6-083828478EC3}.Release|Any CPU.Build.0 = Release|Any CPU
		{EC76F241-4026-4E45-B2E6-083828478EC3}.Release|Any CPU.Deploy.0 = Release|Any CPU
		{EC76F241-4026-4E45-B2E6-083828478EC3}.Release|ARM.ActiveCfg = Release|ARM
		{EC76F241-4026-4E45-B2E6-083828478EC3}.Release|ARM.Build.0 = Release|ARM
		{EC76F241-4026-4E45-B2E6-083828478EC3}.Release|ARM.Deploy.0 = Release|ARM
		{EC76F241-4026-4E45-B2E6-083828478EC3}.Release|iPhone.ActiveCfg = Release|Any CPU
		{EC76F241-4026-4E45-B2E6-083828478EC3}.Release|iPhone.Build.0 = Release|Any CPU
		{EC76F241-4026-4E45-B2E6-083828478EC3}.Release|iPhone.Deploy.0 = Release|Any CPU
		{EC76F241-4026-4E45-B2E6-083828478EC3}.Release|iPhoneSimulator.ActiveCfg = Release|Any CPU
		{EC76F241-4026-4E45-B2E6-083828478EC3}.Release|iPhoneSimulator.Build.0 = Release|Any CPU
		{EC76F241-4026-4E45-B2E6-083828478EC3}.Release|iPhoneSimulator.Deploy.0 = Release|Any CPU
		{EC76F241-4026-4E45-B2E6-083828478EC3}.Release|x86.ActiveCfg = Release|x86
		{EC76F241-4026-4E45-B2E6-083828478EC3}.Release|x86.Build.0 = Release|x86
		{EC76F241-4026-4E45-B2E6-083828478EC3}.Release|x86.Deploy.0 = Release|x86
		{EAC89422-2FC2-4DAF-947F-428D3D738821}.Ad-Hoc|Any CPU.ActiveCfg = Ad-Hoc|iPhone
		{EAC89422-2FC2-4DAF-947F-428D3D738821}.Ad-Hoc|ARM.ActiveCfg = Ad-Hoc|iPhone
		{EAC89422-2FC2-4DAF-947F-428D3D738821}.Ad-Hoc|iPhone.ActiveCfg = Ad-Hoc|iPhone
		{EAC89422-2FC2-4DAF-947F-428D3D738821}.Ad-Hoc|iPhone.Build.0 = Ad-Hoc|iPhone
		{EAC89422-2FC2-4DAF-947F-428D3D738821}.Ad-Hoc|iPhoneSimulator.ActiveCfg = Ad-Hoc|iPhoneSimulator
		{EAC89422-2FC2-4DAF-947F-428D3D738821}.Ad-Hoc|iPhoneSimulator.Build.0 = Ad-Hoc|iPhoneSimulator
		{EAC89422-2FC2-4DAF-947F-428D3D738821}.Ad-Hoc|x86.ActiveCfg = Ad-Hoc|iPhone
		{EAC89422-2FC2-4DAF-947F-428D3D738821}.AppStore|Any CPU.ActiveCfg = AppStore|iPhone
		{EAC89422-2FC2-4DAF-947F-428D3D738821}.AppStore|ARM.ActiveCfg = AppStore|iPhone
		{EAC89422-2FC2-4DAF-947F-428D3D738821}.AppStore|iPhone.ActiveCfg = AppStore|iPhone
		{EAC89422-2FC2-4DAF-947F-428D3D738821}.AppStore|iPhone.Build.0 = AppStore|iPhone
		{EAC89422-2FC2-4DAF-947F-428D3D738821}.AppStore|iPhoneSimulator.ActiveCfg = AppStore|iPhoneSimulator
		{EAC89422-2FC2-4DAF-947F-428D3D738821}.AppStore|iPhoneSimulator.Build.0 = AppStore|iPhoneSimulator
		{EAC89422-2FC2-4DAF-947F-428D3D738821}.AppStore|x86.ActiveCfg = AppStore|iPhone
		{EAC89422-2FC2-4DAF-947F-428D3D738821}.Debug|Any CPU.ActiveCfg = Debug|iPhone
		{EAC89422-2FC2-4DAF-947F-428D3D738821}.Debug|ARM.ActiveCfg = Debug|iPhone
		{EAC89422-2FC2-4DAF-947F-428D3D738821}.Debug|iPhone.ActiveCfg = Debug|iPhone
		{EAC89422-2FC2-4DAF-947F-428D3D738821}.Debug|iPhone.Build.0 = Debug|iPhone
		{EAC89422-2FC2-4DAF-947F-428D3D738821}.Debug|iPhoneSimulator.ActiveCfg = Debug|iPhoneSimulator
		{EAC89422-2FC2-4DAF-947F-428D3D738821}.Debug|iPhoneSimulator.Build.0 = Debug|iPhoneSimulator
		{EAC89422-2FC2-4DAF-947F-428D3D738821}.Debug|x86.ActiveCfg = Debug|iPhone
		{EAC89422-2FC2-4DAF-947F-428D3D738821}.Release|Any CPU.ActiveCfg = Release|iPhone
		{EAC89422-2FC2-4DAF-947F-428D3D738821}.Release|ARM.ActiveCfg = Release|iPhone
		{EAC89422-2FC2-4DAF-947F-428D3D738821}.Release|iPhone.ActiveCfg = Release|iPhone
		{EAC89422-2FC2-4DAF-947F-428D3D738821}.Release|iPhone.Build.0 = Release|iPhone
		{EAC89422-2FC2-4DAF-947F-428D3D738821}.Release|iPhoneSimulator.ActiveCfg = Release|iPhoneSimulator
		{EAC89422-2FC2-4DAF-947F-428D3D738821}.Release|iPhoneSimulator.Build.0 = Release|iPhoneSimulator
		{EAC89422-2FC2-4DAF-947F-428D3D738821}.Release|x86.ActiveCfg = Release|iPhone
		{A48F6B7E-49E0-4E15-9BFC-B925472AE42B}.Ad-Hoc|Any CPU.ActiveCfg = Release|Any CPU
		{A48F6B7E-49E0-4E15-9BFC-B925472AE42B}.Ad-Hoc|Any CPU.Build.0 = Release|Any CPU
		{A48F6B7E-49E0-4E15-9BFC-B925472AE42B}.Ad-Hoc|Any CPU.Deploy.0 = Release|Any CPU
		{A48F6B7E-49E0-4E15-9BFC-B925472AE42B}.Ad-Hoc|ARM.ActiveCfg = Release|Any CPU
		{A48F6B7E-49E0-4E15-9BFC-B925472AE42B}.Ad-Hoc|ARM.Build.0 = Release|Any CPU
		{A48F6B7E-49E0-4E15-9BFC-B925472AE42B}.Ad-Hoc|ARM.Deploy.0 = Release|Any CPU
		{A48F6B7E-49E0-4E15-9BFC-B925472AE42B}.Ad-Hoc|iPhone.ActiveCfg = Release|Any CPU
		{A48F6B7E-49E0-4E15-9BFC-B925472AE42B}.Ad-Hoc|iPhone.Build.0 = Release|Any CPU
		{A48F6B7E-49E0-4E15-9BFC-B925472AE42B}.Ad-Hoc|iPhone.Deploy.0 = Release|Any CPU
		{A48F6B7E-49E0-4E15-9BFC-B925472AE42B}.Ad-Hoc|iPhoneSimulator.ActiveCfg = Release|Any CPU
		{A48F6B7E-49E0-4E15-9BFC-B925472AE42B}.Ad-Hoc|iPhoneSimulator.Build.0 = Release|Any CPU
		{A48F6B7E-49E0-4E15-9BFC-B925472AE42B}.Ad-Hoc|iPhoneSimulator.Deploy.0 = Release|Any CPU
		{A48F6B7E-49E0-4E15-9BFC-B925472AE42B}.Ad-Hoc|x86.ActiveCfg = Release|Any CPU
		{A48F6B7E-49E0-4E15-9BFC-B925472AE42B}.Ad-Hoc|x86.Build.0 = Release|Any CPU
		{A48F6B7E-49E0-4E15-9BFC-B925472AE42B}.Ad-Hoc|x86.Deploy.0 = Release|Any CPU
		{A48F6B7E-49E0-4E15-9BFC-B925472AE42B}.AppStore|Any CPU.ActiveCfg = Release|Any CPU
		{A48F6B7E-49E0-4E15-9BFC-B925472AE42B}.AppStore|Any CPU.Build.0 = Release|Any CPU
		{A48F6B7E-49E0-4E15-9BFC-B925472AE42B}.AppStore|Any CPU.Deploy.0 = Release|Any CPU
		{A48F6B7E-49E0-4E15-9BFC-B925472AE42B}.AppStore|ARM.ActiveCfg = Release|Any CPU
		{A48F6B7E-49E0-4E15-9BFC-B925472AE42B}.AppStore|ARM.Build.0 = Release|Any CPU
		{A48F6B7E-49E0-4E15-9BFC-B925472AE42B}.AppStore|ARM.Deploy.0 = Release|Any CPU
		{A48F6B7E-49E0-4E15-9BFC-B925472AE42B}.AppStore|iPhone.ActiveCfg = Release|Any CPU
		{A48F6B7E-49E0-4E15-9BFC-B925472AE42B}.AppStore|iPhone.Build.0 = Release|Any CPU
		{A48F6B7E-49E0-4E15-9BFC-B925472AE42B}.AppStore|iPhone.Deploy.0 = Release|Any CPU
		{A48F6B7E-49E0-4E15-9BFC-B925472AE42B}.AppStore|iPhoneSimulator.ActiveCfg = Release|Any CPU
		{A48F6B7E-49E0-4E15-9BFC-B925472AE42B}.AppStore|iPhoneSimulator.Build.0 = Release|Any CPU
		{A48F6B7E-49E0-4E15-9BFC-B925472AE42B}.AppStore|iPhoneSimulator.Deploy.0 = Release|Any CPU
		{A48F6B7E-49E0-4E15-9BFC-B925472AE42B}.AppStore|x86.ActiveCfg = Release|Any CPU
		{A48F6B7E-49E0-4E15-9BFC-B925472AE42B}.AppStore|x86.Build.0 = Release|Any CPU
		{A48F6B7E-49E0-4E15-9BFC-B925472AE42B}.AppStore|x86.Deploy.0 = Release|Any CPU
		{A48F6B7E-49E0-4E15-9BFC-B925472AE42B}.Debug|Any CPU.ActiveCfg = Debug|Any CPU
		{A48F6B7E-49E0-4E15-9BFC-B925472AE42B}.Debug|Any CPU.Build.0 = Debug|Any CPU
		{A48F6B7E-49E0-4E15-9BFC-B925472AE42B}.Debug|Any CPU.Deploy.0 = Debug|Any CPU
		{A48F6B7E-49E0-4E15-9BFC-B925472AE42B}.Debug|ARM.ActiveCfg = Debug|Any CPU
		{A48F6B7E-49E0-4E15-9BFC-B925472AE42B}.Debug|ARM.Build.0 = Debug|Any CPU
		{A48F6B7E-49E0-4E15-9BFC-B925472AE42B}.Debug|ARM.Deploy.0 = Debug|Any CPU
		{A48F6B7E-49E0-4E15-9BFC-B925472AE42B}.Debug|iPhone.ActiveCfg = Debug|Any CPU
		{A48F6B7E-49E0-4E15-9BFC-B925472AE42B}.Debug|iPhone.Build.0 = Debug|Any CPU
		{A48F6B7E-49E0-4E15-9BFC-B925472AE42B}.Debug|iPhone.Deploy.0 = Debug|Any CPU
		{A48F6B7E-49E0-4E15-9BFC-B925472AE42B}.Debug|iPhoneSimulator.ActiveCfg = Debug|Any CPU
		{A48F6B7E-49E0-4E15-9BFC-B925472AE42B}.Debug|iPhoneSimulator.Build.0 = Debug|Any CPU
		{A48F6B7E-49E0-4E15-9BFC-B925472AE42B}.Debug|iPhoneSimulator.Deploy.0 = Debug|Any CPU
		{A48F6B7E-49E0-4E15-9BFC-B925472AE42B}.Debug|x86.ActiveCfg = Debug|Any CPU
		{A48F6B7E-49E0-4E15-9BFC-B925472AE42B}.Debug|x86.Build.0 = Debug|Any CPU
		{A48F6B7E-49E0-4E15-9BFC-B925472AE42B}.Debug|x86.Deploy.0 = Debug|Any CPU
		{A48F6B7E-49E0-4E15-9BFC-B925472AE42B}.Release|Any CPU.ActiveCfg = Release|Any CPU
		{A48F6B7E-49E0-4E15-9BFC-B925472AE42B}.Release|Any CPU.Build.0 = Release|Any CPU
		{A48F6B7E-49E0-4E15-9BFC-B925472AE42B}.Release|Any CPU.Deploy.0 = Release|Any CPU
		{A48F6B7E-49E0-4E15-9BFC-B925472AE42B}.Release|ARM.ActiveCfg = Release|Any CPU
		{A48F6B7E-49E0-4E15-9BFC-B925472AE42B}.Release|ARM.Build.0 = Release|Any CPU
		{A48F6B7E-49E0-4E15-9BFC-B925472AE42B}.Release|ARM.Deploy.0 = Release|Any CPU
		{A48F6B7E-49E0-4E15-9BFC-B925472AE42B}.Release|iPhone.ActiveCfg = Release|Any CPU
		{A48F6B7E-49E0-4E15-9BFC-B925472AE42B}.Release|iPhone.Build.0 = Release|Any CPU
		{A48F6B7E-49E0-4E15-9BFC-B925472AE42B}.Release|iPhone.Deploy.0 = Release|Any CPU
		{A48F6B7E-49E0-4E15-9BFC-B925472AE42B}.Release|iPhoneSimulator.ActiveCfg = Release|Any CPU
		{A48F6B7E-49E0-4E15-9BFC-B925472AE42B}.Release|iPhoneSimulator.Build.0 = Release|Any CPU
		{A48F6B7E-49E0-4E15-9BFC-B925472AE42B}.Release|iPhoneSimulator.Deploy.0 = Release|Any CPU
		{A48F6B7E-49E0-4E15-9BFC-B925472AE42B}.Release|x86.ActiveCfg = Release|Any CPU
		{A48F6B7E-49E0-4E15-9BFC-B925472AE42B}.Release|x86.Build.0 = Release|Any CPU
		{A48F6B7E-49E0-4E15-9BFC-B925472AE42B}.Release|x86.Deploy.0 = Release|Any CPU
	EndGlobalSection
	GlobalSection(SolutionProperties) = preSolution
		HideSolutionNode = FALSE
	EndGlobalSection
EndGlobal
